{
  "name": "client",
  "lockfileVersion": 3,
  "requires": true,
  "packages": {
    "": {
      "dependencies": {
        "socket.io-msgpack-parser": "^3.0.2"
      }
    },
    "node_modules/component-emitter": {
      "version": "1.3.1",
      "resolved": "https://registry.npmjs.org/component-emitter/-/component-emitter-1.3.1.tgz",
      "integrity": "sha512-T0+barUSQRTUQASh8bx02dl+DhF54GtIDY13Y3m9oWTklKbb3Wv974meRpeZ3lp1JpLVECWWNHC4vaG2XHXouQ==",
      "license": "MIT",
      "funding": {
        "url": "https://github.com/sponsors/sindresorhus"
      }
    },
    "node_modules/notepack.io": {
      "version": "2.2.0",
      "resolved": "https://registry.npmjs.org/notepack.io/-/notepack.io-2.2.0.tgz",
      "integrity": "sha512-9b5w3t5VSH6ZPosoYnyDONnUTF8o0UkBw7JLA6eBlYJWyGT1Q3vQa8Hmuj1/X6RYvHjjygBDgw6fJhe0JEojfw==",
      "license": "MIT"
    },
    "node_modules/socket.io-msgpack-parser": {
      "version": "3.0.2",
      "resolved": "https://registry.npmjs.org/socket.io-msgpack-parser/-/socket.io-msgpack-parser-3.0.2.tgz",
      "integrity": "sha512-1e76bJ1PCKi9H+JiYk+S29PBJvknHjQWM7Mtj0hjF2KxDA6b6rQxv3rTsnwBoz/haZOhlCDIMQvPATbqYeuMxg==",
      "license": "MIT",
      "dependencies": {
        "component-emitter": "~1.3.0",
        "notepack.io": "~2.2.0"
      }
    }
  }
}
